
Microsoft Visual Studio Solution File, Format Version 12.00
# Visual Studio Version 16
VisualStudioVersion = 16.0.37627.13
MinimumVisualStudioVersion = 10.0.40219.1
Project("{2150E333-8FDC-42A3-9474-1A3956D46DE8}") = "Task0", "Task0", "{25764E53-D71F-40E0-861F-128768F7C52D}"
EndProject
Project("{FAE04EC0-301F-11D3-BF4B-00C04F79EFBC}") = "Tyuiu.NerushVS.Sprint0.Task0.V0", "Tyuiu.NerushVS.Sprint0.Task0.V0\Tyuiu.NerushVS.Sprint0.Task0.V0.csproj", "{087B1E41-A0E4-435B-B490-B7788A49C014}"
EndProject
Global
	GlobalSection(SolutionConfigurationPlatforms) = preSolution
		Debug|Any CPU = Debug|Any CPU
		Release|Any CPU = Release|Any CPU
	EndGlobalSection
	GlobalSection(ProjectConfigurationPlatforms) = postSolution
		{087B1E41-A0E4-435B-B490-B7788A49C014}.Debug|Any CPU.ActiveCfg = Debug|Any CPU
		{087B1E41-A0E4-435B-B490-B7788A49C014}.Debug|Any CPU.Build.0 = Debug|Any CPU
		{087B1E41-A0E4-435B-B490-B7788A49C014}.Release|Any CPU.ActiveCfg = Release|Any CPU
		{087B1E41-A0E4-435B-B490-B7788A49C014}.Release|Any CPU.Build.0 = Release|Any CPU
	EndGlobalSection
	GlobalSection(SolutionProperties) = preSolution
		HideSolutionNode = FALSE
	EndGlobalSection
	GlobalSection(NestedProjects) = preSolution
		{087B1E41-A0E4-435B-B490-B7788A49C014} = {25764E53-D71F-40E0-861F-128768F7C52D}
	EndGlobalSection
	GlobalSection(ExtensibilityGlobals) = postSolution
		SolutionGuid = {15C396AE-1596-4C44-8AFE-CC08D5BF14D2}
	EndGlobalSection
EndGlobal
